
Microsoft Visual Studio Solution File, Format Version 12.00
# Visual Studio Version 17
VisualStudioVersion = 17.11.35222.181
MinimumVisualStudioVersion = 10.0.40219.1
Project("{FAE04EC0-301F-11D3-BF4B-00C04F79EFBC}") = "Miaoli-WebForm-OCR", "Miaoli-WebForm-OCR\Miaoli-WebForm-OCR.csproj", "{2F287412-1536-4C8E-BD38-AB98454C0BFC}"
EndProject
Global
	GlobalSection(SolutionConfigurationPlatforms) = preSolution
		Debug|Any CPU = Debug|Any CPU
		Release|Any CPU = Release|Any CPU
	EndGlobalSection
	GlobalSection(ProjectConfigurationPlatforms) = postSolution
		{2F287412-1536-4C8E-BD38-AB98454C0BFC}.Debug|Any CPU.ActiveCfg = Debug|Any CPU
		{2F287412-1536-4C8E-BD38-AB98454C0BFC}.Debug|Any CPU.Build.0 = Debug|Any CPU
		{2F287412-1536-4C8E-BD38-AB98454C0BFC}.Release|Any CPU.ActiveCfg = Release|Any CPU
		{2F287412-1536-4C8E-BD38-AB98454C0BFC}.Release|Any CPU.Build.0 = Release|Any CPU
	EndGlobalSection
	GlobalSection(SolutionProperties) = preSolution
		HideSolutionNode = FALSE
	EndGlobalSection
	GlobalSection(ExtensibilityGlobals) = postSolution
		SolutionGuid = {9FFD8505-B392-4ABD-8E22-522D07644673}
	EndGlobalSection
EndGlobal
